
Microsoft Visual Studio Solution File, Format Version 12.00
# Visual Studio Version 17
VisualStudioVersion = 17.9.34607.119
MinimumVisualStudioVersion = 10.0.40219.1
Project("{FAE04EC0-301F-11D3-BF4B-00C04F79EFBC}") = "snake", "snake\snake.csproj", "{68309FC0-DC87-42AA-96AD-5E5C2A016A9C}"
EndProject
Global
	GlobalSection(SolutionConfigurationPlatforms) = preSolution
		Debug|Any CPU = Debug|Any CPU
		Release|Any CPU = Release|Any CPU
	EndGlobalSection
	GlobalSection(ProjectConfigurationPlatforms) = postSolution
		{68309FC0-DC87-42AA-96AD-5E5C2A016A9C}.Debug|Any CPU.ActiveCfg = Debug|Any CPU
		{68309FC0-DC87-42AA-96AD-5E5C2A016A9C}.Debug|Any CPU.Build.0 = Debug|Any CPU
		{68309FC0-DC87-42AA-96AD-5E5C2A016A9C}.Release|Any CPU.ActiveCfg = Release|Any CPU
		{68309FC0-DC87-42AA-96AD-5E5C2A016A9C}.Release|Any CPU.Build.0 = Release|Any CPU
	EndGlobalSection
	GlobalSection(SolutionProperties) = preSolution
		HideSolutionNode = FALSE
	EndGlobalSection
	GlobalSection(ExtensibilityGlobals) = postSolution
		SolutionGuid = {0C18D0C9-D5D8-4F0F-9EA5-E759A1209F97}
	EndGlobalSection
EndGlobal
