
Microsoft Visual Studio Solution File, Format Version 12.00
# Visual Studio Version 17
VisualStudioVersion = 17.8.34309.116
MinimumVisualStudioVersion = 10.0.40219.1
Project("{FAE04EC0-301F-11D3-BF4B-00C04F79EFBC}") = "ConsoleApp3", "ConsoleApp3\ConsoleApp3.csproj", "{1125A963-3BA7-44AD-88D8-78F2ED93615B}"
EndProject
Global
	GlobalSection(SolutionConfigurationPlatforms) = preSolution
		Debug|Any CPU = Debug|Any CPU
		Release|Any CPU = Release|Any CPU
	EndGlobalSection
	GlobalSection(ProjectConfigurationPlatforms) = postSolution
		{1125A963-3BA7-44AD-88D8-78F2ED93615B}.Debug|Any CPU.ActiveCfg = Debug|Any CPU
		{1125A963-3BA7-44AD-88D8-78F2ED93615B}.Debug|Any CPU.Build.0 = Debug|Any CPU
		{1125A963-3BA7-44AD-88D8-78F2ED93615B}.Release|Any CPU.ActiveCfg = Release|Any CPU
		{1125A963-3BA7-44AD-88D8-78F2ED93615B}.Release|Any CPU.Build.0 = Release|Any CPU
	EndGlobalSection
	GlobalSection(SolutionProperties) = preSolution
		HideSolutionNode = FALSE
	EndGlobalSection
	GlobalSection(ExtensibilityGlobals) = postSolution
		SolutionGuid = {D91BBF3F-2340-4A90-9D5F-FAA44080ACD4}
	EndGlobalSection
EndGlobal
