
Microsoft Visual Studio Solution File, Format Version 12.00
# Visual Studio Version 17
VisualStudioVersion = 17.8.34525.116
MinimumVisualStudioVersion = 10.0.40219.1
Project("{FAE04EC0-301F-11D3-BF4B-00C04F79EFBC}") = "FormlarArasi_VeriTasima", "FormlarArasi_VeriTasima\FormlarArasi_VeriTasima.csproj", "{F4C5B2F3-1D6F-4A9B-BC33-8E3094772D18}"
EndProject
Global
	GlobalSection(SolutionConfigurationPlatforms) = preSolution
		Debug|Any CPU = Debug|Any CPU
		Release|Any CPU = Release|Any CPU
	EndGlobalSection
	GlobalSection(ProjectConfigurationPlatforms) = postSolution
		{F4C5B2F3-1D6F-4A9B-BC33-8E3094772D18}.Debug|Any CPU.ActiveCfg = Debug|Any CPU
		{F4C5B2F3-1D6F-4A9B-BC33-8E3094772D18}.Debug|Any CPU.Build.0 = Debug|Any CPU
		{F4C5B2F3-1D6F-4A9B-BC33-8E3094772D18}.Release|Any CPU.ActiveCfg = Release|Any CPU
		{F4C5B2F3-1D6F-4A9B-BC33-8E3094772D18}.Release|Any CPU.Build.0 = Release|Any CPU
	EndGlobalSection
	GlobalSection(SolutionProperties) = preSolution
		HideSolutionNode = FALSE
	EndGlobalSection
	GlobalSection(ExtensibilityGlobals) = postSolution
		SolutionGuid = {F7F2E04F-6C5A-4545-A116-270410BA28F3}
	EndGlobalSection
EndGlobal
