
Microsoft Visual Studio Solution File, Format Version 12.00
# Visual Studio Version 17
VisualStudioVersion = 17.8.34525.116
MinimumVisualStudioVersion = 10.0.40219.1
Project("{FAE04EC0-301F-11D3-BF4B-00C04F79EFBC}") = "Randoım_Kullanimi", "Randoım_Kullanimi\Randoım_Kullanimi.csproj", "{93AE4A99-FD4A-4F47-B87B-5C463B5273B2}"
EndProject
Global
	GlobalSection(SolutionConfigurationPlatforms) = preSolution
		Debug|Any CPU = Debug|Any CPU
		Release|Any CPU = Release|Any CPU
	EndGlobalSection
	GlobalSection(ProjectConfigurationPlatforms) = postSolution
		{93AE4A99-FD4A-4F47-B87B-5C463B5273B2}.Debug|Any CPU.ActiveCfg = Debug|Any CPU
		{93AE4A99-FD4A-4F47-B87B-5C463B5273B2}.Debug|Any CPU.Build.0 = Debug|Any CPU
		{93AE4A99-FD4A-4F47-B87B-5C463B5273B2}.Release|Any CPU.ActiveCfg = Release|Any CPU
		{93AE4A99-FD4A-4F47-B87B-5C463B5273B2}.Release|Any CPU.Build.0 = Release|Any CPU
	EndGlobalSection
	GlobalSection(SolutionProperties) = preSolution
		HideSolutionNode = FALSE
	EndGlobalSection
	GlobalSection(ExtensibilityGlobals) = postSolution
		SolutionGuid = {7CFD9B9F-AE32-48D8-9D2F-778EF41E2BFC}
	EndGlobalSection
EndGlobal
