
Microsoft Visual Studio Solution File, Format Version 12.00
# Visual Studio Version 17
VisualStudioVersion = 17.9.34607.119
MinimumVisualStudioVersion = 10.0.40219.1
Project("{FAE04EC0-301F-11D3-BF4B-00C04F79EFBC}") = "NkatmanliMimari", "NkatmanliMimari\NkatmanliMimari.csproj", "{74C8D4CA-704F-4D67-99E0-9657C4D9A5A8}"
EndProject
Project("{FAE04EC0-301F-11D3-BF4B-00C04F79EFBC}") = "EntityLayer", "EntitiyLayer\EntityLayer.csproj", "{14BE71F0-E58B-434B-819B-F71B2CCD4960}"
EndProject
Project("{FAE04EC0-301F-11D3-BF4B-00C04F79EFBC}") = "DataAccessLayer", "DataAccessLayer\DataAccessLayer.csproj", "{CAFD952A-C448-418D-B9C8-FBEE82C50605}"
EndProject
Project("{FAE04EC0-301F-11D3-BF4B-00C04F79EFBC}") = "LogicLayer", "LogicLayer\LogicLayer.csproj", "{1070CE13-F48B-47E4-BE6C-F1A3A5423248}"
EndProject
Global
	GlobalSection(SolutionConfigurationPlatforms) = preSolution
		Debug|Any CPU = Debug|Any CPU
		Release|Any CPU = Release|Any CPU
	EndGlobalSection
	GlobalSection(ProjectConfigurationPlatforms) = postSolution
		{74C8D4CA-704F-4D67-99E0-9657C4D9A5A8}.Debug|Any CPU.ActiveCfg = Debug|Any CPU
		{74C8D4CA-704F-4D67-99E0-9657C4D9A5A8}.Debug|Any CPU.Build.0 = Debug|Any CPU
		{74C8D4CA-704F-4D67-99E0-9657C4D9A5A8}.Release|Any CPU.ActiveCfg = Release|Any CPU
		{74C8D4CA-704F-4D67-99E0-9657C4D9A5A8}.Release|Any CPU.Build.0 = Release|Any CPU
		{14BE71F0-E58B-434B-819B-F71B2CCD4960}.Debug|Any CPU.ActiveCfg = Debug|Any CPU
		{14BE71F0-E58B-434B-819B-F71B2CCD4960}.Debug|Any CPU.Build.0 = Debug|Any CPU
		{14BE71F0-E58B-434B-819B-F71B2CCD4960}.Release|Any CPU.ActiveCfg = Release|Any CPU
		{14BE71F0-E58B-434B-819B-F71B2CCD4960}.Release|Any CPU.Build.0 = Release|Any CPU
		{CAFD952A-C448-418D-B9C8-FBEE82C50605}.Debug|Any CPU.ActiveCfg = Debug|Any CPU
		{CAFD952A-C448-418D-B9C8-FBEE82C50605}.Debug|Any CPU.Build.0 = Debug|Any CPU
		{CAFD952A-C448-418D-B9C8-FBEE82C50605}.Release|Any CPU.ActiveCfg = Release|Any CPU
		{CAFD952A-C448-418D-B9C8-FBEE82C50605}.Release|Any CPU.Build.0 = Release|Any CPU
		{1070CE13-F48B-47E4-BE6C-F1A3A5423248}.Debug|Any CPU.ActiveCfg = Debug|Any CPU
		{1070CE13-F48B-47E4-BE6C-F1A3A5423248}.Debug|Any CPU.Build.0 = Debug|Any CPU
		{1070CE13-F48B-47E4-BE6C-F1A3A5423248}.Release|Any CPU.ActiveCfg = Release|Any CPU
		{1070CE13-F48B-47E4-BE6C-F1A3A5423248}.Release|Any CPU.Build.0 = Release|Any CPU
	EndGlobalSection
	GlobalSection(SolutionProperties) = preSolution
		HideSolutionNode = FALSE
	EndGlobalSection
	GlobalSection(ExtensibilityGlobals) = postSolution
		SolutionGuid = {8587FED2-D749-40E2-8E01-88E99B357AE9}
	EndGlobalSection
EndGlobal
