
Microsoft Visual Studio Solution File, Format Version 12.00
# Visual Studio Version 17
VisualStudioVersion = 17.9.34607.119
MinimumVisualStudioVersion = 10.0.40219.1
Project("{FAE04EC0-301F-11D3-BF4B-00C04F79EFBC}") = "Metin_Belgesi_Okuma", "Metin_Belgesi_Okuma\Metin_Belgesi_Okuma.csproj", "{526DA079-ABD1-43D7-AAC0-FCDEF28697B5}"
EndProject
Global
	GlobalSection(SolutionConfigurationPlatforms) = preSolution
		Debug|Any CPU = Debug|Any CPU
		Release|Any CPU = Release|Any CPU
	EndGlobalSection
	GlobalSection(ProjectConfigurationPlatforms) = postSolution
		{526DA079-ABD1-43D7-AAC0-FCDEF28697B5}.Debug|Any CPU.ActiveCfg = Debug|Any CPU
		{526DA079-ABD1-43D7-AAC0-FCDEF28697B5}.Debug|Any CPU.Build.0 = Debug|Any CPU
		{526DA079-ABD1-43D7-AAC0-FCDEF28697B5}.Release|Any CPU.ActiveCfg = Release|Any CPU
		{526DA079-ABD1-43D7-AAC0-FCDEF28697B5}.Release|Any CPU.Build.0 = Release|Any CPU
	EndGlobalSection
	GlobalSection(SolutionProperties) = preSolution
		HideSolutionNode = FALSE
	EndGlobalSection
	GlobalSection(ExtensibilityGlobals) = postSolution
		SolutionGuid = {F0394876-22CC-4842-883D-343647448E2C}
	EndGlobalSection
EndGlobal
