
Microsoft Visual Studio Solution File, Format Version 12.00
# Visual Studio Version 17
VisualStudioVersion = 17.8.34316.72
MinimumVisualStudioVersion = 10.0.40219.1
Project("{FAE04EC0-301F-11D3-BF4B-00C04F79EFBC}") = "ConsoleApp4", "ConsoleApp4\ConsoleApp4.csproj", "{FB6F7B47-2934-4FC1-A6D1-337608EC5E00}"
EndProject
Global
	GlobalSection(SolutionConfigurationPlatforms) = preSolution
		Debug|Any CPU = Debug|Any CPU
		Release|Any CPU = Release|Any CPU
	EndGlobalSection
	GlobalSection(ProjectConfigurationPlatforms) = postSolution
		{FB6F7B47-2934-4FC1-A6D1-337608EC5E00}.Debug|Any CPU.ActiveCfg = Debug|Any CPU
		{FB6F7B47-2934-4FC1-A6D1-337608EC5E00}.Debug|Any CPU.Build.0 = Debug|Any CPU
		{FB6F7B47-2934-4FC1-A6D1-337608EC5E00}.Release|Any CPU.ActiveCfg = Release|Any CPU
		{FB6F7B47-2934-4FC1-A6D1-337608EC5E00}.Release|Any CPU.Build.0 = Release|Any CPU
	EndGlobalSection
	GlobalSection(SolutionProperties) = preSolution
		HideSolutionNode = FALSE
	EndGlobalSection
	GlobalSection(ExtensibilityGlobals) = postSolution
		SolutionGuid = {9A1CFA5D-ECB6-4EC6-B83A-89219770A9F3}
	EndGlobalSection
EndGlobal
